
Microsoft Visual Studio Solution File, Format Version 12.00
# Visual Studio 14
VisualStudioVersion = 14.0.25420.1
MinimumVisualStudioVersion = 10.0.40219.1
Project("{2150E333-8FDC-42A3-9474-1A3956D46DE8}") = "src", "src", "{4CB54618-6601-49F6-B378-5820D8CCF456}"
EndProject
Project("{2150E333-8FDC-42A3-9474-1A3956D46DE8}") = "Solution Items", "Solution Items", "{590BE853-55B3-40D4-B734-B9FB36A5A680}"
	ProjectSection(SolutionItems) = preProject
		global.json = global.json
	EndProjectSection
EndProject
Project("{8BB2217D-0F2D-49D1-97BC-3654ED321F3B}") = "OdeToFood", "src\OdeToFood\OdeToFood.xproj", "{F9204147-CF05-462E-88C3-7DDC8983771B}"
EndProject
Project("{2150E333-8FDC-42A3-9474-1A3956D46DE8}") = "Views", "Views", "{56C29D5B-4FA2-4753-9495-E6FEE4BF8776}"
EndProject
Project("{2150E333-8FDC-42A3-9474-1A3956D46DE8}") = "Home", "Home", "{71126FC1-24D6-4995-9E96-414A5F95C3FF}"
	ProjectSection(SolutionItems) = preProject
		index.cshtml = index.cshtml
	EndProjectSection
EndProject
Global
	GlobalSection(SolutionConfigurationPlatforms) = preSolution
		Debug|Any CPU = Debug|Any CPU
		Release|Any CPU = Release|Any CPU
	EndGlobalSection
	GlobalSection(ProjectConfigurationPlatforms) = postSolution
		{F9204147-CF05-462E-88C3-7DDC8983771B}.Debug|Any CPU.ActiveCfg = Debug|Any CPU
		{F9204147-CF05-462E-88C3-7DDC8983771B}.Debug|Any CPU.Build.0 = Debug|Any CPU
		{F9204147-CF05-462E-88C3-7DDC8983771B}.Release|Any CPU.ActiveCfg = Release|Any CPU
		{F9204147-CF05-462E-88C3-7DDC8983771B}.Release|Any CPU.Build.0 = Release|Any CPU
	EndGlobalSection
	GlobalSection(SolutionProperties) = preSolution
		HideSolutionNode = FALSE
	EndGlobalSection
	GlobalSection(NestedProjects) = preSolution
		{F9204147-CF05-462E-88C3-7DDC8983771B} = {4CB54618-6601-49F6-B378-5820D8CCF456}
		{56C29D5B-4FA2-4753-9495-E6FEE4BF8776} = {4CB54618-6601-49F6-B378-5820D8CCF456}
		{71126FC1-24D6-4995-9E96-414A5F95C3FF} = {56C29D5B-4FA2-4753-9495-E6FEE4BF8776}
	EndGlobalSection
EndGlobal
